PODS:
  - Nimble (10.0.0)
  - PDColorPicker (0.8.3)
  - Quick (5.0.1)

DEPENDENCIES:
  - Nimble
  - PDColorPicker (from `../`)
  - Quick

SPEC REPOS:
  trunk:
    - Nimble
    - Quick

EXTERNAL SOURCES:
  PDColorPicker:
    :path: "../"

SPEC CHECKSUMS:
  Nimble: 5316ef81a170ce87baf72dd961f22f89a602ff84
  PDColorPicker: 3fe3ccb5103f82df05b15b618754151c8ed8f84c
  Quick: 749aa754fd1e7d984f2000fe051e18a3a9809179

PODFILE CHECKSUM: 4cb3a810018214ba0ee635a1bbd1bbb183527100

COCOAPODS: 1.12.1
