PODS:
  - Nimble (7.1.0)
  - PDColorPicker (0.7.0)
  - Quick (1.2.0)

DEPENDENCIES:
  - Nimble
  - PDColorPicker (from `../`)
  - Quick

SPEC REPOS:
  https://github.com/CocoaPods/Specs.git:
    - Nimble
    - Quick

EXTERNAL SOURCES:
  PDColorPicker:
    :path: "../"

SPEC CHECKSUMS:
  Nimble: 9c6651c3021af6de54c3ed90a4a0a87d548f7359
  PDColorPicker: da14b37e84e6113a706a6f1fe0f2280b78bff8ca
  Quick: 58d203b1c5e27fff7229c4c1ae445ad7069a7a08

PODFILE CHECKSUM: 906d5955aa9ad09d83c18afaba564922bdf313d4

COCOAPODS: 1.5.0
